
Microsoft Visual Studio Solution File, Format Version 12.00
# Visual Studio Version 16
VisualStudioVersion = 16.0.31624.102
MinimumVisualStudioVersion = 10.0.40219.1
Project("{888888A0-9F3D-457C-B088-3A5042F75D52}") = "L3", "L3\L3.pyproj", "{70550491-5AFC-4E6B-A4D8-920D14F44F5D}"
EndProject
Global
	GlobalSection(SolutionConfigurationPlatforms) = preSolution
		Debug|Any CPU = Debug|Any CPU
		Release|Any CPU = Release|Any CPU
	EndGlobalSection
	GlobalSection(ProjectConfigurationPlatforms) = postSolution
		{70550491-5AFC-4E6B-A4D8-920D14F44F5D}.Debug|Any CPU.ActiveCfg = Debug|Any CPU
		{70550491-5AFC-4E6B-A4D8-920D14F44F5D}.Release|Any CPU.ActiveCfg = Release|Any CPU
	EndGlobalSection
	GlobalSection(SolutionProperties) = preSolution
		HideSolutionNode = FALSE
	EndGlobalSection
	GlobalSection(ExtensibilityGlobals) = postSolution
		SolutionGuid = {5542C171-BBCF-45F9-99B5-DC7D2771C970}
	EndGlobalSection
EndGlobal
