
Microsoft Visual Studio Solution File, Format Version 12.00
# Visual Studio Version 16
VisualStudioVersion = 16.0.31624.102
MinimumVisualStudioVersion = 10.0.40219.1
Project("{888888A0-9F3D-457C-B088-3A5042F75D52}") = "LR1_2", "LR1_2\LR1_2.pyproj", "{298BBB7F-9B42-4B01-BAAC-A1D1332414D6}"
EndProject
Global
	GlobalSection(SolutionConfigurationPlatforms) = preSolution
		Debug|Any CPU = Debug|Any CPU
		Release|Any CPU = Release|Any CPU
	EndGlobalSection
	GlobalSection(ProjectConfigurationPlatforms) = postSolution
		{298BBB7F-9B42-4B01-BAAC-A1D1332414D6}.Debug|Any CPU.ActiveCfg = Debug|Any CPU
		{298BBB7F-9B42-4B01-BAAC-A1D1332414D6}.Release|Any CPU.ActiveCfg = Release|Any CPU
	EndGlobalSection
	GlobalSection(SolutionProperties) = preSolution
		HideSolutionNode = FALSE
	EndGlobalSection
	GlobalSection(ExtensibilityGlobals) = postSolution
		SolutionGuid = {D643AA15-8745-4F1E-99A6-DC38F2355005}
	EndGlobalSection
EndGlobal
