
Microsoft Visual Studio Solution File, Format Version 12.00
# Visual Studio Version 16
VisualStudioVersion = 16.0.31624.102
MinimumVisualStudioVersion = 10.0.40219.1
Project("{888888A0-9F3D-457C-B088-3A5042F75D52}") = "L_1_3", "L_1_3\L_1_3.pyproj", "{FE4A4EF6-FC14-4875-AFF8-DB89C9DEF3EF}"
EndProject
Global
	GlobalSection(SolutionConfigurationPlatforms) = preSolution
		Debug|Any CPU = Debug|Any CPU
		Release|Any CPU = Release|Any CPU
	EndGlobalSection
	GlobalSection(ProjectConfigurationPlatforms) = postSolution
		{FE4A4EF6-FC14-4875-AFF8-DB89C9DEF3EF}.Debug|Any CPU.ActiveCfg = Debug|Any CPU
		{FE4A4EF6-FC14-4875-AFF8-DB89C9DEF3EF}.Release|Any CPU.ActiveCfg = Release|Any CPU
	EndGlobalSection
	GlobalSection(SolutionProperties) = preSolution
		HideSolutionNode = FALSE
	EndGlobalSection
	GlobalSection(ExtensibilityGlobals) = postSolution
		SolutionGuid = {A3F52669-20D6-4B99-91B2-850A2831400C}
	EndGlobalSection
EndGlobal
